--- 
dependencies: 
  bson_ext: 
    group: 
    - :default
    version: ">= 1.0.4"
  ruby-debug: 
    group: 
    - :development
    version: ">= 0"
  pg: 
    group: 
    - :default
    version: ">= 0"
  rails: 
    group: 
    - :default
    version: ">= 3.0.0.beta4"
  haml: 
    group: 
    - :default
    version: ">= 0"
  shoulda: 
    group: 
    - :test
    version: ">= 0"
  unicorn: 
    group: 
    - :default
    version: ">= 0"
  syntax: 
    group: 
    - :test
    version: ">= 0"
  rails3-generators: 
    group: 
    - :development
    version: ">= 0"
  formtastic: 
    group: 
    - :default
    version: ">= 0"
  database_cleaner: 
    group: 
    - :test
    version: ">= 0"
  rspec-rails: 
    group: 
    - :test
    version: ">= 2.0.0.beta.16"
  cucumber-rails: 
    group: 
    - :test
    version: ">= 0.3.2"
  factory_girl: 
    group: 
    - :test
    version: ">= 0"
  mongoid: 
    group: 
    - :default
    version: ">= 2.0.0.beta9"
  capybara: 
    group: 
    - :test
    version: ">= 0"
specs: 
- rake: 
    version: 0.8.7
- abstract: 
    version: 1.0.0
- activesupport: 
    version: 3.0.0.beta4
- builder: 
    version: 2.1.2
- i18n: 
    version: 0.4.1
- activemodel: 
    version: 3.0.0.beta4
- erubis: 
    version: 2.6.6
- rack: 
    version: 1.1.0
- rack-mount: 
    version: 0.6.9
- rack-test: 
    version: 0.5.4
- tzinfo: 
    version: 0.3.22
- actionpack: 
    version: 3.0.0.beta4
- mime-types: 
    version: "1.16"
- polyglot: 
    version: 0.3.1
- treetop: 
    version: 1.4.8
- mail: 
    version: 2.2.5
- actionmailer: 
    version: 3.0.0.beta4
- arel: 
    version: 0.4.0
- activerecord: 
    version: 3.0.0.beta4
- activeresource: 
    version: 3.0.0.beta4
- bson: 
    version: 1.0.4
- bson_ext: 
    version: 1.0.4
- bundler: 
    version: 0.9.26
- culerity: 
    version: 0.2.10
- nokogiri: 
    version: 1.4.2
- ffi: 
    version: 0.6.3
- json_pure: 
    version: 1.4.3
- selenium-webdriver: 
    version: 0.0.24
- capybara: 
    version: 0.3.9
- columnize: 
    version: 0.3.1
- diff-lcs: 
    version: 1.1.2
- trollop: 
    version: 1.16.2
- gherkin: 
    version: 2.1.3
- term-ansicolor: 
    version: 1.0.5
- cucumber: 
    version: 0.8.4
- cucumber-rails: 
    version: 0.3.2
- database_cleaner: 
    version: 0.5.2
- factory_girl: 
    version: 1.3.1
- formtastic: 
    version: 1.0.0.beta
    source: 0
- haml: 
    version: 3.0.13
- linecache: 
    version: "0.43"
- mongo: 
    version: 1.0.5
- will_paginate: 
    version: 3.0.pre
- mongoid: 
    version: 2.0.0.beta9
- pg: 
    version: 0.9.0
- thor: 
    version: 0.13.7
- railties: 
    version: 3.0.0.beta4
- rails: 
    version: 3.0.0.beta4
- rails3-generators: 
    version: 0.10.3
- rspec-core: 
    version: 2.0.0.beta.17
- rspec-expectations: 
    version: 2.0.0.beta.17
- rspec-mocks: 
    version: 2.0.0.beta.17
- rspec: 
    version: 2.0.0.beta.17
- webrat: 
    version: 0.7.1
- rspec-rails: 
    version: 2.0.0.beta.17
- ruby-debug-base: 
    version: 0.10.3
- ruby-debug: 
    version: 0.10.3
- shoulda: 
    version: 2.11.1
- syntax: 
    version: 1.0.0
- unicorn: 
    version: 1.1.2
hash: 911aab557fde81d8ee5df78c480447bd753e6b46
sources: 
- Git: 
    uri: git://github.com/justinfrench/formtastic.git
    branch: rails3
    git: git://github.com/justinfrench/formtastic.git
    ref: 8b5d0ee690a37c95f0f996d7faaa06e021a5c449
- Rubygems: 
    uri: http://rubygems.org
